
Microsoft Visual Studio Solution File, Format Version 12.00
# Visual Studio 14
VisualStudioVersion = 14.0.25420.1
MinimumVisualStudioVersion = 10.0.40219.1
Project("{FAE04EC0-301F-11D3-BF4B-00C04F79EFBC}") = "NetGateway", "NetGateway\NetGateway.csproj", "{31C6EF44-19EC-4DF5-9768-3BFE427B22FA}"
EndProject
Project("{2150E333-8FDC-42A3-9474-1A3956D46DE8}") = "Tests", "Tests", "{50F4B153-BF79-424F-A3DF-47AF5BD75676}"
EndProject
Project("{FAE04EC0-301F-11D3-BF4B-00C04F79EFBC}") = "IntegrationTests", "IntegrationTests\IntegrationTests.csproj", "{11E62618-0841-48E7-9A19-D54E956EBAE8}"
EndProject
Project("{FAE04EC0-301F-11D3-BF4B-00C04F79EFBC}") = "UnitTests", "UnitTests\UnitTests.csproj", "{29AF3F31-B3A7-4A9C-B7FD-D2C63A144D1D}"
EndProject
Project("{FAE04EC0-301F-11D3-BF4B-00C04F79EFBC}") = "Common", "Common\Common.csproj", "{5D05E63F-D6E2-462D-9086-E0C120386600}"
EndProject
Project("{FAE04EC0-301F-11D3-BF4B-00C04F79EFBC}") = "WebApi", "WebApi\WebApi.csproj", "{ABED9D8F-0BC5-49C5-B9CC-6E3EC6F3B2AD}"
EndProject
Project("{FAE04EC0-301F-11D3-BF4B-00C04F79EFBC}") = "Scheduler", "Scheduler\Scheduler.csproj", "{80261CF2-F1F5-4A02-A637-7978CD64DBD2}"
EndProject
Project("{FAE04EC0-301F-11D3-BF4B-00C04F79EFBC}") = "End2EndTests", "End2EndTests\End2EndTests.csproj", "{3EB4AE9C-6D8D-4DB3-8C37-B62A26FD43D7}"
EndProject
Project("{2150E333-8FDC-42A3-9474-1A3956D46DE8}") = "Tools", "Tools", "{851597F0-D378-47EE-9BF0-880A118E611F}"
EndProject
Project("{FAE04EC0-301F-11D3-BF4B-00C04F79EFBC}") = "NetGatewaySimulator", "NetGatewaySimulator\NetGatewaySimulator.csproj", "{D2C534B2-7317-442E-A7F2-FC93A624DDA4}"
EndProject
Global
	GlobalSection(SolutionConfigurationPlatforms) = preSolution
		Debug|x86 = Debug|x86
		Release|x86 = Release|x86
	EndGlobalSection
	GlobalSection(ProjectConfigurationPlatforms) = postSolution
		{31C6EF44-19EC-4DF5-9768-3BFE427B22FA}.Debug|x86.ActiveCfg = Debug|x86
		{31C6EF44-19EC-4DF5-9768-3BFE427B22FA}.Debug|x86.Build.0 = Debug|x86
		{31C6EF44-19EC-4DF5-9768-3BFE427B22FA}.Release|x86.ActiveCfg = Release|x86
		{31C6EF44-19EC-4DF5-9768-3BFE427B22FA}.Release|x86.Build.0 = Release|x86
		{11E62618-0841-48E7-9A19-D54E956EBAE8}.Debug|x86.ActiveCfg = Debug|x86
		{11E62618-0841-48E7-9A19-D54E956EBAE8}.Debug|x86.Build.0 = Debug|x86
		{11E62618-0841-48E7-9A19-D54E956EBAE8}.Release|x86.ActiveCfg = Release|Any CPU
		{11E62618-0841-48E7-9A19-D54E956EBAE8}.Release|x86.Build.0 = Release|Any CPU
		{29AF3F31-B3A7-4A9C-B7FD-D2C63A144D1D}.Debug|x86.ActiveCfg = Debug|x86
		{29AF3F31-B3A7-4A9C-B7FD-D2C63A144D1D}.Debug|x86.Build.0 = Debug|x86
		{29AF3F31-B3A7-4A9C-B7FD-D2C63A144D1D}.Release|x86.ActiveCfg = Release|Any CPU
		{29AF3F31-B3A7-4A9C-B7FD-D2C63A144D1D}.Release|x86.Build.0 = Release|Any CPU
		{5D05E63F-D6E2-462D-9086-E0C120386600}.Debug|x86.ActiveCfg = Debug|x86
		{5D05E63F-D6E2-462D-9086-E0C120386600}.Debug|x86.Build.0 = Debug|x86
		{5D05E63F-D6E2-462D-9086-E0C120386600}.Release|x86.ActiveCfg = Release|Any CPU
		{5D05E63F-D6E2-462D-9086-E0C120386600}.Release|x86.Build.0 = Release|Any CPU
		{ABED9D8F-0BC5-49C5-B9CC-6E3EC6F3B2AD}.Debug|x86.ActiveCfg = Debug|x86
		{ABED9D8F-0BC5-49C5-B9CC-6E3EC6F3B2AD}.Debug|x86.Build.0 = Debug|x86
		{ABED9D8F-0BC5-49C5-B9CC-6E3EC6F3B2AD}.Release|x86.ActiveCfg = Release|x86
		{ABED9D8F-0BC5-49C5-B9CC-6E3EC6F3B2AD}.Release|x86.Build.0 = Release|x86
		{80261CF2-F1F5-4A02-A637-7978CD64DBD2}.Debug|x86.ActiveCfg = Debug|x86
		{80261CF2-F1F5-4A02-A637-7978CD64DBD2}.Debug|x86.Build.0 = Debug|x86
		{80261CF2-F1F5-4A02-A637-7978CD64DBD2}.Release|x86.ActiveCfg = Release|x86
		{80261CF2-F1F5-4A02-A637-7978CD64DBD2}.Release|x86.Build.0 = Release|x86
		{3EB4AE9C-6D8D-4DB3-8C37-B62A26FD43D7}.Debug|x86.ActiveCfg = Debug|Any CPU
		{3EB4AE9C-6D8D-4DB3-8C37-B62A26FD43D7}.Debug|x86.Build.0 = Debug|Any CPU
		{3EB4AE9C-6D8D-4DB3-8C37-B62A26FD43D7}.Release|x86.ActiveCfg = Release|Any CPU
		{3EB4AE9C-6D8D-4DB3-8C37-B62A26FD43D7}.Release|x86.Build.0 = Release|Any CPU
		{D2C534B2-7317-442E-A7F2-FC93A624DDA4}.Debug|x86.ActiveCfg = Debug|x86
		{D2C534B2-7317-442E-A7F2-FC93A624DDA4}.Debug|x86.Build.0 = Debug|x86
		{D2C534B2-7317-442E-A7F2-FC93A624DDA4}.Release|x86.ActiveCfg = Release|x86
		{D2C534B2-7317-442E-A7F2-FC93A624DDA4}.Release|x86.Build.0 = Release|x86
	EndGlobalSection
	GlobalSection(SolutionProperties) = preSolution
		HideSolutionNode = FALSE
	EndGlobalSection
	GlobalSection(NestedProjects) = preSolution
		{11E62618-0841-48E7-9A19-D54E956EBAE8} = {50F4B153-BF79-424F-A3DF-47AF5BD75676}
		{29AF3F31-B3A7-4A9C-B7FD-D2C63A144D1D} = {50F4B153-BF79-424F-A3DF-47AF5BD75676}
		{3EB4AE9C-6D8D-4DB3-8C37-B62A26FD43D7} = {50F4B153-BF79-424F-A3DF-47AF5BD75676}
		{D2C534B2-7317-442E-A7F2-FC93A624DDA4} = {851597F0-D378-47EE-9BF0-880A118E611F}
	EndGlobalSection
	GlobalSection(MonoDevelopProperties) = preSolution
		Policies = $0
		$0.DotNetNamingPolicy = $1
		$1.DirectoryNamespaceAssociation = PrefixedHierarchical
		$1.ResourceNamePolicy = FileFormatDefault
		$0.VersionControlPolicy = $2
		$2.inheritsSet = Mono
		$0.NameConventionPolicy = $3
		$3.Rules = $4
		$4.NamingRule = $26
		$26.AffectedEntity = None
		$26.VisibilityMask = VisibilityMask
		$26.NamingStyle = None
		$26.IncludeInstanceMembers = True
		$26.IncludeStaticEntities = True
	EndGlobalSection
EndGlobal
